[[package]]
name = "attrs"
version = "21.4.0"
description = "Classes Without Boilerplate"
category = "main"
optional = false
python-versions = ">=2.7, !=3.0.*, !=3.1.*, !=3.2.*, !=3.3.*, !=3.4.*"

[package.extras]
dev = ["coverage[toml] (>=5.0.2)", "hypothesis", "pympler", "pytest (>=4.3.0)", "six", "mypy", "pytest-mypy-plugins", "zope.interface", "furo", "sphinx", "sphinx-notfound-page", "pre-commit", "cloudpickle"]
docs = ["furo", "sphinx", "zope.interface", "sphinx-notfound-page"]
tests = ["coverage[toml] (>=5.0.2)", "hypothesis", "pympler", "pytest (>=4.3.0)", "six", "mypy", "pytest-mypy-plugins", "zope.interface", "cloudpickle"]
tests_no_zope = ["coverage[toml] (>=5.0.2)", "hypothesis", "pympler", "pytest (>=4.3.0)", "six", "mypy", "pytest-mypy-plugins", "cloudpickle"]

[[package]]
name = "aws-cdk-lib"
version = "2.16.0"
description = "Version 2 of the AWS Cloud Development Kit library"
category = "main"
optional = false
python-versions = ">=3.6"

[package.dependencies]
constructs = ">=10.0.0,<11.0.0"
jsii = ">=1.54.0,<2.0.0"
publication = ">=0.0.3"

[[package]]
name = "cattrs"
version = "1.10.0"
description = "Composable complex class support for attrs and dataclasses."
category = "main"
optional = false
python-versions = ">=3.7,<4.0"

[package.dependencies]
attrs = ">=20"

[[package]]
name = "constructs"
version = "10.0.89"
description = "A programming model for software-defined state"
category = "main"
optional = false
python-versions = ">=3.6"

[package.dependencies]
jsii = ">=1.55.0,<2.0.0"
publication = ">=0.0.3"

[[package]]
name = "jsii"
version = "1.55.0"
description = "Python client for jsii runtime"
category = "main"
optional = false
python-versions = "~=3.6"

[package.dependencies]
attrs = ">=21.2,<22.0"
cattrs = {version = ">=1.8,<1.11", markers = "python_version >= \"3.7\""}
python-dateutil = "*"
typing-extensions = ">=3.7,<5.0"

[[package]]
name = "publication"
version = "0.0.3"
description = "Publication helps you maintain public-api-friendly modules by preventing unintentional access to private implementation details via introspection."
category = "main"
optional = false
python-versions = "*"

[[package]]
name = "python-dateutil"
version = "2.8.2"
description = "Extensions to the standard Python datetime module"
category = "main"
optional = false
python-versions = "!=3.0.*,!=3.1.*,!=3.2.*,>=2.7"

[package.dependencies]
six = ">=1.5"

[[package]]
name = "six"
version = "1.16.0"
description = "Python 2 and 3 compatibility utilities"
category = "main"
optional = false
python-versions = ">=2.7, !=3.0.*, !=3.1.*, !=3.2.*"

[[package]]
name = "typing-extensions"
version = "4.1.1"
description = "Backported and Experimental Type Hints for Python 3.6+"
category = "main"
optional = false
python-versions = ">=3.6"

[metadata]
lock-version = "1.1"
python-versions = "^3.9"
content-hash = "1b1d5f4aef930f9b8cd5624a80836622d83ef8949627f24af830d5b004bb7081"

[metadata.files]
attrs = [
    {file = "attrs-21.4.0-py2.py3-none-any.whl", hash = "sha256:2d27e3784d7a565d36ab851fe94887c5eccd6a463168875832a1be79c82828b4"},
    {file = "attrs-21.4.0.tar.gz", hash = "sha256:626ba8234211db98e869df76230a137c4c40a12d72445c45d5f5b716f076e2fd"},
]
aws-cdk-lib = [
    {file = "aws-cdk-lib-2.16.0.tar.gz", hash = "sha256:f79794e41233ea36b922ada23c8f876adcb0ef42daa74a2074167c58a14798d2"},
    {file = "aws_cdk_lib-2.16.0-py3-none-any.whl", hash = "sha256:1bc749bc514df1a21a2ce62f76a29b3bbc0cc81bd236acd3ef6986cb969f961a"},
]
cattrs = [
    {file = "cattrs-1.10.0-py3-none-any.whl", hash = "sha256:35dd9063244263e63bd0bd24ea61e3015b00272cead084b2c40d788b0f857c46"},
    {file = "cattrs-1.10.0.tar.gz", hash = "sha256:211800f725cdecedcbcf4c753bbd22d248312b37d130f06045434acb7d9b34e1"},
]
constructs = [
    {file = "constructs-10.0.89-py3-none-any.whl", hash = "sha256:2b42442054e67763974c282357f6b19b0a8d19b5cda588edb24d89d91e6ec64d"},
    {file = "constructs-10.0.89.tar.gz", hash = "sha256:c72311ab93ed11b0c530b57ba1addba7ed409ac5ce5175c21f6c3be055b8331c"},
]
jsii = [
    {file = "jsii-1.55.0-py3-none-any.whl", hash = "sha256:68a25d3b5fcb21a7bf9b58012ce7eb7e0c00c5654efed9294598a457d19bf9d7"},
    {file = "jsii-1.55.0.tar.gz", hash = "sha256:143188278318eaf74c11cb9c9beca91c3151488f001eae85f358d9b492a56642"},
]
publication = [
    {file = "publication-0.0.3-py2.py3-none-any.whl", hash = "sha256:0248885351febc11d8a1098d5c8e3ab2dabcf3e8c0c96db1e17ecd12b53afbe6"},
    {file = "publication-0.0.3.tar.gz", hash = "sha256:68416a0de76dddcdd2930d1c8ef853a743cc96c82416c4e4d3b5d901c6276dc4"},
]
python-dateutil = [
    {file = "python-dateutil-2.8.2.tar.gz", hash = "sha256:0123cacc1627ae19ddf3c27a5de5bd67ee4586fbdd6440d9748f8abb483d3e86"},
    {file = "python_dateutil-2.8.2-py2.py3-none-any.whl", hash = "sha256:961d03dc3453ebbc59dbdea9e4e11c5651520a876d0f4db161e8674aae935da9"},
]
six = [
    {file = "six-1.16.0-py2.py3-none-any.whl", hash = "sha256:8abb2f1d86890a2dfb989f9a77cfcfd3e47c2a354b01111771326f8aa26e0254"},
    {file = "six-1.16.0.tar.gz", hash = "sha256:1e61c37477a1626458e36f7b1d82aa5c9b094fa4802892072e49de9c60c4c926"},
]
typing-extensions = [
    {file = "typing_extensions-4.1.1-py3-none-any.whl", hash = "sha256:21c85e0fe4b9a155d0799430b0ad741cdce7e359660ccbd8b530613e8df88ce2"},
    {file = "typing_extensions-4.1.1.tar.gz", hash = "sha256:1a9462dcc3347a79b1f1c0271fbe79e844580bb598bafa1ed208b94da3cdcd42"},
]
